
Microsoft Visual Studio Solution File, Format Version 12.00
# Visual Studio Version 17
VisualStudioVersion = 17.7.34221.43
MinimumVisualStudioVersion = 10.0.40219.1
Project("{FAE04EC0-301F-11D3-BF4B-00C04F79EFBC}") = "A2", "A2\A2.csproj", "{218588D9-82EA-4376-976F-FFF3012F88E1}"
EndProject
Global
	GlobalSection(SolutionConfigurationPlatforms) = preSolution
		Debug|Any CPU = Debug|Any CPU
		Release|Any CPU = Release|Any CPU
	EndGlobalSection
	GlobalSection(ProjectConfigurationPlatforms) = postSolution
		{218588D9-82EA-4376-976F-FFF3012F88E1}.Debug|Any CPU.ActiveCfg = Debug|Any CPU
		{218588D9-82EA-4376-976F-FFF3012F88E1}.Debug|Any CPU.Build.0 = Debug|Any CPU
		{218588D9-82EA-4376-976F-FFF3012F88E1}.Release|Any CPU.ActiveCfg = Release|Any CPU
		{218588D9-82EA-4376-976F-FFF3012F88E1}.Release|Any CPU.Build.0 = Release|Any CPU
	EndGlobalSection
	GlobalSection(SolutionProperties) = preSolution
		HideSolutionNode = FALSE
	EndGlobalSection
	GlobalSection(ExtensibilityGlobals) = postSolution
		SolutionGuid = {DA30927B-6B0E-4A94-9CFF-7B5598115910}
	EndGlobalSection
EndGlobal
